// !$*UTF8*$!
{
	archiveVersion = 1;
	classes = {
	};
	objectVersion = 46;
	objects = {

/* Begin PBXBuildFile section */
		5F169EBB1DDA688A00D31331 /* main.cpp in Sources */ = {isa = PBXBuildFile; fileRef = 5F169EBA1DDA688A00D31331 /* main.cpp */; };
		5F169EC31DDA689200D31331 /* GLUT.framework in Frameworks */ = {isa = PBXBuildFile; fileRef = 5F169EC21DDA689200D31331 /* GLUT.framework */; };
		5F169EC51DDA689900D31331 /* OpenGL.framework in Frameworks */ = {isa = PBXBuildFile; fileRef = 5F169EC41DDA689900D31331 /* OpenGL.framework */; };
/* End PBXBuildFile section */

/* Begin PBXCopyFilesBuildPhase section */
		5F169EB51DDA688A00D31331 /* CopyFiles */ = {
			isa = PBXCopyFilesBuildPhase;
			buildActionMask = 2147483647;
			dstPath = /usr/share/man/man1/;
			dstSubfolderSpec = 0;
			files = (
			);
			runOnlyForDeploymentPostprocessing = 1;
		};
/* End PBXCopyFilesBuildPhase section */

/* Begin PBXFileReference section */
		5F169EB71DDA688A00D31331 /* prova2 */ = {isa = PBXFileReference; explicitFileType = "compiled.mach-o.executable"; includeInIndex = 0; path = prova2; sourceTree = BUILT_PRODUCTS_DIR; };
		5F169EBA1DDA688A00D31331 /* main.cpp */ = {isa = PBXFileReference; lastKnownFileType = sourcecode.cpp.cpp; path = main.cpp; sourceTree = "<group>"; };
		5F169EC21DDA689200D31331 /* GLUT.framework */ = {isa = PBXFileReference; lastKnownFileType = wrapper.framework; name = GLUT.framework; path = System/Library/Frameworks/GLUT.framework; sourceTree = SDKROOT; };
		5F169EC41DDA689900D31331 /* OpenGL.framework */ = {isa = PBXFileReference; lastKnownFileType = wrapper.framework; name = OpenGL.framework; path = System/Library/Frameworks/OpenGL.framework; sourceTree = SDKROOT; };
		5F838A331DF30AE30024EBAD /* bunnyCUBE.obj */ = {isa = PBXFileReference; lastKnownFileType = text; path = bunnyCUBE.obj; sourceTree = "<group>"; };
		5FDB76C91DEF28B500D7C64B /* bunny.obj */ = {isa = PBXFileReference; lastKnownFileType = text; path = bunny.obj; sourceTree = "<group>"; };
/* End PBXFileReference section */

/* Begin PBXFrameworksBuildPhase section */
		5F169EB41DDA688A00D31331 /* Frameworks */ = {
			isa = PBXFrameworksBuildPhase;
			buildActionMask = 2147483647;
			files = (
				5F169EC51DDA689900D31331 /* OpenGL.framework in Frameworks */,
				5F169EC31DDA689200D31331 /* GLUT.framework in Frameworks */,
			);
			runOnlyForDeploymentPostprocessing = 0;
		};
/* End PBXFrameworksBuildPhase section */

/* Begin PBXGroup section */
		5F169EAE1DDA688A00D31331 = {
			isa = PBXGroup;
			children = (
				5F169EB91DDA688A00D31331 /* prova2 */,
				5F169EB81DDA688A00D31331 /* Products */,
				5F169EC11DDA689200D31331 /* Frameworks */,
			);
			sourceTree = "<group>";
		};
		5F169EB81DDA688A00D31331 /* Products */ = {
			isa = PBXGroup;
			children = (
				5F169EB71DDA688A00D31331 /* prova2 */,
			);
			name = Products;
			sourceTree = "<group>";
		};
		5F169EB91DDA688A00D31331 /* prova2 */ = {
			isa = PBXGroup;
			children = (
				5F838A331DF30AE30024EBAD /* bunnyCUBE.obj */,
				5FDB76C91DEF28B500D7C64B /* bunny.obj */,
				5F169EBA1DDA688A00D31331 /* main.cpp */,
			);
			path = prova2;
			sourceTree = "<group>";
		};
		5F169EC11DDA689200D31331 /* Frameworks */ = {
			isa = PBXGroup;
			children = (
				5F169EC41DDA689900D31331 /* OpenGL.framework */,
				5F169EC21DDA689200D31331 /* GLUT.framework */,
			);
			name = Frameworks;
			sourceTree = "<group>";
		};
/* End PBXGroup section */

/* Begin PBXNativeTarget section */
		5F169EB61DDA688A00D31331 /* prova2 */ = {
			isa = PBXNativeTarget;
			buildConfigurationList = 5F169EBE1DDA688A00D31331 /* Build configuration list for PBXNativeTarget "prova2" */;
			buildPhases = (
				5F169EB31DDA688A00D31331 /* Sources */,
				5F169EB41DDA688A00D31331 /* Frameworks */,
				5F169EB51DDA688A00D31331 /* CopyFiles */,
			);
			buildRules = (
			);
			dependencies = (
			);
			name = prova2;
			productName = prova2;
			productReference = 5F169EB71DDA688A00D31331 /* prova2 */;
			productType = "com.apple.product-type.tool";
		};
/* End PBXNativeTarget section */

/* Begin PBXProject section */
		5F169EAF1DDA688A00D31331 /* Project object */ = {
			isa = PBXProject;
			attributes = {
				LastUpgradeCheck = 0810;
				ORGANIZATIONNAME = "Andrea Lissak";
				TargetAttributes = {
					5F169EB61DDA688A00D31331 = {
						CreatedOnToolsVersion = 8.1;
						ProvisioningStyle = Automatic;
					};
				};
			};
			buildConfigurationList = 5F169EB21DDA688A00D31331 /* Build configuration list for PBXProject "prova2" */;
			compatibilityVersion = "Xcode 3.2";
			developmentRegion = English;
			hasScannedForEncodings = 0;
			knownRegions = (
				en,
			);
			mainGroup = 5F169EAE1DDA688A00D31331;
			productRefGroup = 5F169EB81DDA688A00D31331 /* Products */;
			projectDirPath = "";
			projectRoot = "";
			targets = (
				5F169EB61DDA688A00D31331 /* prova2 */,
			);
		};
/* End PBXProject section */

/* Begin PBXSourcesBuildPhase section */
		5F169EB31DDA688A00D31331 /* Sources */ = {
			isa = PBXSourcesBuildPhase;
			buildActionMask = 2147483647;
			files = (
				5F169EBB1DDA688A00D31331 /* main.cpp in Sources */,
			);
			runOnlyForDeploymentPostprocessing = 0;
		};
/* End PBXSourcesBuildPhase section */

/* Begin XCBuildConfiguration section */
		5F169EBC1DDA688A00D31331 /* Debug */ = {
			isa = XCBuildConfiguration;
			buildSettings = {
				ALWAYS_SEARCH_USER_PATHS = NO;
				CLANG_ANALYZER_NONNULL = YES;
				CLANG_CXX_LANGUAGE_STANDARD = "gnu++0x";
				CLANG_CXX_LIBRARY = "libc++";
				CLANG_ENABLE_MODULES = YES;
				CLANG_ENABLE_OBJC_ARC = YES;
				CLANG_WARN_BOOL_CONVERSION = YES;
				CLANG_WARN_CONSTANT_CONVERSION = YES;
				CLANG_WARN_DIRECT_OBJC_ISA_USAGE = YES_ERROR;
				CLANG_WARN_DOCUMENTATION_COMMENTS = YES;
				CLANG_WARN_EMPTY_BODY = YES;
				CLANG_WARN_ENUM_CONVERSION = YES;
				CLANG_WARN_INFINITE_RECURSION = YES;
				CLANG_WARN_INT_CONVERSION = YES;
				CLANG_WARN_OBJC_ROOT_CLASS = YES_ERROR;
				CLANG_WARN_SUSPICIOUS_MOVES = YES;
				CLANG_WARN_UNREACHABLE_CODE = YES;
				CLANG_WARN__DUPLICATE_METHOD_MATCH = YES;
				CODE_SIGN_IDENTITY = "-";
				COPY_PHASE_STRIP = NO;
				DEBUG_INFORMATION_FORMAT = dwarf;
				ENABLE_STRICT_OBJC_MSGSEND = YES;
				ENABLE_TESTABILITY = YES;
				GCC_C_LANGUAGE_STANDARD = gnu99;
				GCC_DYNAMIC_NO_PIC = NO;
				GCC_NO_COMMON_BLOCKS = YES;
				GCC_OPTIMIZATION_LEVEL = 0;
				GCC_PREPROCESSOR_DEFINITIONS = (
					"DEBUG=1",
					"$(inherited)",
				);
				GCC_WARN_64_TO_32_BIT_CONVERSION = YES;
				GCC_WARN_ABOUT_RETURN_TYPE = YES_ERROR;
				GCC_WARN_UNDECLARED_SELECTOR = YES;
				GCC_WARN_UNINITIALIZED_AUTOS = YES_AGGRESSIVE;
				GCC_WARN_UNUSED_FUNCTION = YES;
				GCC_WARN_UNUSED_VARIABLE = YES;
				MACOSX_DEPLOYMENT_TARGET = 10.11;
				MTL_ENABLE_DEBUG_INFO = YES;
				ONLY_ACTIVE_ARCH = YES;
				SDKROOT = macosx;
			};
			name = Debug;
		};
		5F169EBD1DDA688A00D31331 /* Release */ = {
			isa = XCBuildConfiguration;
			buildSettings = {
				ALWAYS_SEARCH_USER_PATHS = NO;
				CLANG_ANALYZER_NONNULL = YES;
				CLANG_CXX_LANGUAGE_STANDARD = "gnu++0x";
				CLANG_CXX_LIBRARY = "libc++";
				CLANG_ENABLE_MODULES = YES;
				CLANG_ENABLE_OBJC_ARC = YES;
				CLANG_WARN_BOOL_CONVERSION = YES;
				CLANG_WARN_CONSTANT_CONVERSION = YES;
				CLANG_WARN_DIRECT_OBJC_ISA_USAGE = YES_ERROR;
				CLANG_WARN_DOCUMENTATION_COMMENTS = YES;
				CLANG_WARN_EMPTY_BODY = YES;
				CLANG_WARN_ENUM_CONVERSION = YES;
				CLANG_WARN_INFINITE_RECURSION = YES;
				CLANG_WARN_INT_CONVERSION = YES;
				CLANG_WARN_OBJC_ROOT_CLASS = YES_ERROR;
				CLANG_WARN_SUSPICIOUS_MOVES = YES;
				CLANG_WARN_UNREACHABLE_CODE = YES;
				CLANG_WARN__DUPLICATE_METHOD_MATCH = YES;
				CODE_SIGN_IDENTITY = "-";
				COPY_PHASE_STRIP = NO;
				DEBUG_INFORMATION_FORMAT = "dwarf-with-dsym";
				ENABLE_NS_ASSERTIONS = NO;
				ENABLE_STRICT_OBJC_MSGSEND = YES;
				GCC_C_LANGUAGE_STANDARD = gnu99;
				GCC_NO_COMMON_BLOCKS = YES;
				GCC_WARN_64_TO_32_BIT_CONVERSION = YES;
				GCC_WARN_ABOUT_RETURN_TYPE = YES_ERROR;
				GCC_WARN_UNDECLARED_SELECTOR = YES;
				GCC_WARN_UNINITIALIZED_AUTOS = YES_AGGRESSIVE;
				GCC_WARN_UNUSED_FUNCTION = YES;
				GCC_WARN_UNUSED_VARIABLE = YES;
				MACOSX_DEPLOYMENT_TARGET = 10.11;
				MTL_ENABLE_DEBUG_INFO = NO;
				SDKROOT = macosx;
			};
			name = Release;
		};
		5F169EBF1DDA688A00D31331 /* Debug */ = {
			isa = XCBuildConfiguration;
			buildSettings = {
				HEADER_SEARCH_PATHS = /usr/local/include;
				LIBRARY_SEARCH_PATHS = (
					"$(inherited)",
					"$(PROJECT_DIR)/prova2/Simple\\ OpenGL\\ Image\\ Library/lib",
					"$(PROJECT_DIR)/prova2/Simple\\ OpenGL\\ Image\\ Library/lib",
					/Users/Lissak/Dropbox/YEAR,
					2/graphics,
					19/GLex/Coursework/prova2/Simple,
					OpenGL,
					Image,
					Library/src,
				);
				LINK_WITH_STANDARD_LIBRARIES = YES;
				PRODUCT_NAME = "$(TARGET_NAME)";
			};
			name = Debug;
		};
		5F169EC01DDA688A00D31331 /* Release */ = {
			isa = XCBuildConfiguration;
			buildSettings = {
				HEADER_SEARCH_PATHS = /usr/local/include;
				LIBRARY_SEARCH_PATHS = (
					"$(inherited)",
					"$(PROJECT_DIR)/prova2/Simple\\ OpenGL\\ Image\\ Library/lib",
					"$(PROJECT_DIR)/prova2/Simple\\ OpenGL\\ Image\\ Library/lib",
					/Users/Lissak/Dropbox/YEAR,
					2/graphics,
					19/GLex/Coursework/prova2/Simple,
					OpenGL,
					Image,
					Library/src,
				);
				LINK_WITH_STANDARD_LIBRARIES = YES;
				PRODUCT_NAME = "$(TARGET_NAME)";
			};
			name = Release;
		};
/* End XCBuildConfiguration section */

/* Begin XCConfigurationList section */
		5F169EB21DDA688A00D31331 /* Build configuration list for PBXProject "prova2" */ = {
			isa = XCConfigurationList;
			buildConfigurations = (
				5F169EBC1DDA688A00D31331 /* Debug */,
				5F169EBD1DDA688A00D31331 /* Release */,
			);
			defaultConfigurationIsVisible = 0;
			defaultConfigurationName = Release;
		};
		5F169EBE1DDA688A00D31331 /* Build configuration list for PBXNativeTarget "prova2" */ = {
			isa = XCConfigurationList;
			buildConfigurations = (
				5F169EBF1DDA688A00D31331 /* Debug */,
				5F169EC01DDA688A00D31331 /* Release */,
			);
			defaultConfigurationIsVisible = 0;
			defaultConfigurationName = Release;
		};
/* End XCConfigurationList section */
	};
	rootObject = 5F169EAF1DDA688A00D31331 /* Project object */;
}
